<?xml version="1.0" encoding="utf-8"?>
<Project ToolsVersion="4.0" xmlns="http://schemas.microsoft.com/developer/msbuild/2003">
  <ItemGroup>
    <Filter Include="Source Files">
      <Extensions>cpp;c;cc;cxx;def;odl;idl;hpj;bat;asm;asmx</Extensions>
    </Filter>
    <Filter Include="Header Files">
      <Extensions>h;hh;hpp;hxx;hm;inl;inc;ipp;xsd</Extensions>
    </Filter>
  </ItemGroup>
  <ItemGroup>
    <ClCompile Include="MainGame.cpp">
      <Filter>Source Files</Filter>
    </ClCompile>
    <ClCompile Include="GameState\ApplicationMgr.cpp">
      <Filter>Source Files</Filter>
    </ClCompile>
    <ClCompile Include="GameState\GameFlowState.cpp">
      <Filter>Source Files</Filter>
    </ClCompile>
    <ClCompile Include="GameState\MainGameState.cpp">
      <Filter>Source Files</Filter>
    </ClCompile>
    <ClCompile Include="GameState\MainMenuState.cpp">
      <Filter>Source Files</Filter>
    </ClCompile>
    <ClCompile Include="UI\Button.cpp">
      <Filter>Source Files</Filter>
    </ClCompile>
    <ClCompile Include="UI\EventCenter.cpp">
      <Filter>Source Files</Filter>
    </ClCompile>
    <ClCompile Include="GameTool\DebugTool.cpp">
      <Filter>Source Files</Filter>
    </ClCompile>
    <ClCompile Include="GameTool\Math2D.cpp">
      <Filter>Source Files</Filter>
    </ClCompile>
    <ClCompile Include="GameTool\Timer.cpp">
      <Filter>Source Files</Filter>
    </ClCompile>
    <ClCompile Include="UI\UIElement.cpp">
      <Filter>Source Files</Filter>
    </ClCompile>
    <ClCompile Include="UI\UIManager.cpp">
      <Filter>Source Files</Filter>
    </ClCompile>
    <ClCompile Include="Play.cpp">
      <Filter>Source Files</Filter>
    </ClCompile>
    <ClCompile Include="GameObject.cpp">
      <Filter>Source Files</Filter>
    </ClCompile>
    <ClCompile Include="GameObjectMgr.cpp">
      <Filter>Source Files</Filter>
    </ClCompile>
    <ClCompile Include="GameObject\OilPlatform.cpp">
      <Filter>Source Files</Filter>
    </ClCompile>
    <ClCompile Include="GameObject\OilChunk.cpp">
      <Filter>Source Files</Filter>
    </ClCompile>
    <ClCompile Include="Level\Level.cpp">
      <Filter>Source Files</Filter>
    </ClCompile>
    <ClCompile Include="Level\LevelMgr.cpp">
      <Filter>Source Files</Filter>
    </ClCompile>
    <ClCompile Include="GameObject\SubMarine.cpp">
      <Filter>Source Files</Filter>
    </ClCompile>
  </ItemGroup>
  <ItemGroup>
    <ClInclude Include="..\Play.h">
      <Filter>Header Files</Filter>
    </ClInclude>
    <ClInclude Include="GameState\ApplicationMgr.h">
      <Filter>Header Files</Filter>
    </ClInclude>
    <ClInclude Include="GameState\GameFlowState.h">
      <Filter>Header Files</Filter>
    </ClInclude>
    <ClInclude Include="GameState\MainGameState.h">
      <Filter>Header Files</Filter>
    </ClInclude>
    <ClInclude Include="GameState\MainMenuState.h">
      <Filter>Header Files</Filter>
    </ClInclude>
    <ClInclude Include="UI\Button.h">
      <Filter>Header Files</Filter>
    </ClInclude>
    <ClInclude Include="UI\EventCenter.h">
      <Filter>Header Files</Filter>
    </ClInclude>
    <ClInclude Include="GameTool\DebugTool.h">
      <Filter>Header Files</Filter>
    </ClInclude>
    <ClInclude Include="GameTool\Math2D.h">
      <Filter>Header Files</Filter>
    </ClInclude>
    <ClInclude Include="GameTool\Timer.h">
      <Filter>Header Files</Filter>
    </ClInclude>
    <ClInclude Include="UI\UIElement.h">
      <Filter>Header Files</Filter>
    </ClInclude>
    <ClInclude Include="UI\UIManager.h">
      <Filter>Header Files</Filter>
    </ClInclude>
    <ClInclude Include="GameObject.h">
      <Filter>Header Files</Filter>
    </ClInclude>
    <ClInclude Include="GameObjectMgr.h">
      <Filter>Header Files</Filter>
    </ClInclude>
    <ClInclude Include="GameObject\OilPlatform.h">
      <Filter>Header Files</Filter>
    </ClInclude>
    <ClInclude Include="GameObject\OilChunk.h">
      <Filter>Header Files</Filter>
    </ClInclude>
    <ClInclude Include="Level\Level.h">
      <Filter>Header Files</Filter>
    </ClInclude>
    <ClInclude Include="Level\LevelMgr.h">
      <Filter>Header Files</Filter>
    </ClInclude>
    <ClInclude Include="GameObject\SubMarine.h">
      <Filter>Header Files</Filter>
    </ClInclude>
  </ItemGroup>
</Project>